
Microsoft Visual Studio Solution File, Format Version 12.00
# Visual Studio Version 16
VisualStudioVersion = 16.0.28803.352
MinimumVisualStudioVersion = 10.0.40219.1
Project("{FAE04EC0-301F-11D3-BF4B-00C04F79EFBC}") = "Metoda 1", "Metoda 1\Metoda 1.csproj", "{BB4D7D13-BEA9-4C2A-9304-E134201EC969}"
EndProject
Global
	GlobalSection(SolutionConfigurationPlatforms) = preSolution
		Debug|Any CPU = Debug|Any CPU
		Release|Any CPU = Release|Any CPU
	EndGlobalSection
	GlobalSection(ProjectConfigurationPlatforms) = postSolution
		{BB4D7D13-BEA9-4C2A-9304-E134201EC969}.Debug|Any CPU.ActiveCfg = Debug|Any CPU
		{BB4D7D13-BEA9-4C2A-9304-E134201EC969}.Debug|Any CPU.Build.0 = Debug|Any CPU
		{BB4D7D13-BEA9-4C2A-9304-E134201EC969}.Release|Any CPU.ActiveCfg = Release|Any CPU
		{BB4D7D13-BEA9-4C2A-9304-E134201EC969}.Release|Any CPU.Build.0 = Release|Any CPU
	EndGlobalSection
	GlobalSection(SolutionProperties) = preSolution
		HideSolutionNode = FALSE
	EndGlobalSection
	GlobalSection(ExtensibilityGlobals) = postSolution
		SolutionGuid = {900F53FE-6A33-4D2E-9755-F2820C32147C}
	EndGlobalSection
EndGlobal
