
Microsoft Visual Studio Solution File, Format Version 12.00
# Visual Studio Version 16
VisualStudioVersion = 16.0.28803.352
MinimumVisualStudioVersion = 10.0.40219.1
Project("{FAE04EC0-301F-11D3-BF4B-00C04F79EFBC}") = "While", "While\While.csproj", "{20363B0D-017E-4741-A68A-187FB07129E1}"
EndProject
Global
	GlobalSection(SolutionConfigurationPlatforms) = preSolution
		Debug|Any CPU = Debug|Any CPU
		Release|Any CPU = Release|Any CPU
	EndGlobalSection
	GlobalSection(ProjectConfigurationPlatforms) = postSolution
		{20363B0D-017E-4741-A68A-187FB07129E1}.Debug|Any CPU.ActiveCfg = Debug|Any CPU
		{20363B0D-017E-4741-A68A-187FB07129E1}.Debug|Any CPU.Build.0 = Debug|Any CPU
		{20363B0D-017E-4741-A68A-187FB07129E1}.Release|Any CPU.ActiveCfg = Release|Any CPU
		{20363B0D-017E-4741-A68A-187FB07129E1}.Release|Any CPU.Build.0 = Release|Any CPU
	EndGlobalSection
	GlobalSection(SolutionProperties) = preSolution
		HideSolutionNode = FALSE
	EndGlobalSection
	GlobalSection(ExtensibilityGlobals) = postSolution
		SolutionGuid = {95FB1708-A045-4800-B154-021900F93746}
	EndGlobalSection
EndGlobal
