
Microsoft Visual Studio Solution File, Format Version 12.00
# Visual Studio Version 16
VisualStudioVersion = 16.0.28902.138
MinimumVisualStudioVersion = 10.0.40219.1
Project("{FAE04EC0-301F-11D3-BF4B-00C04F79EFBC}") = "Zadanie domowe 2", "Zadanie domowe 2\Zadanie domowe 2.csproj", "{2D8B8EF1-1D84-48E7-B87D-37DABE00E11B}"
EndProject
Global
	GlobalSection(SolutionConfigurationPlatforms) = preSolution
		Debug|Any CPU = Debug|Any CPU
		Release|Any CPU = Release|Any CPU
	EndGlobalSection
	GlobalSection(ProjectConfigurationPlatforms) = postSolution
		{2D8B8EF1-1D84-48E7-B87D-37DABE00E11B}.Debug|Any CPU.ActiveCfg = Debug|Any CPU
		{2D8B8EF1-1D84-48E7-B87D-37DABE00E11B}.Debug|Any CPU.Build.0 = Debug|Any CPU
		{2D8B8EF1-1D84-48E7-B87D-37DABE00E11B}.Release|Any CPU.ActiveCfg = Release|Any CPU
		{2D8B8EF1-1D84-48E7-B87D-37DABE00E11B}.Release|Any CPU.Build.0 = Release|Any CPU
	EndGlobalSection
	GlobalSection(SolutionProperties) = preSolution
		HideSolutionNode = FALSE
	EndGlobalSection
	GlobalSection(ExtensibilityGlobals) = postSolution
		SolutionGuid = {A44CEB36-C654-4851-ADA5-EBEA279CA280}
	EndGlobalSection
EndGlobal
