
Microsoft Visual Studio Solution File, Format Version 12.00
# Visual Studio Version 16
VisualStudioVersion = 16.0.28803.352
MinimumVisualStudioVersion = 10.0.40219.1
Project("{FAE04EC0-301F-11D3-BF4B-00C04F79EFBC}") = "Skwark2", "Skwark2\Skwark2.csproj", "{B7617A39-1BD4-4459-9896-2552AF58D535}"
EndProject
Global
	GlobalSection(SolutionConfigurationPlatforms) = preSolution
		Debug|Any CPU = Debug|Any CPU
		Release|Any CPU = Release|Any CPU
	EndGlobalSection
	GlobalSection(ProjectConfigurationPlatforms) = postSolution
		{B7617A39-1BD4-4459-9896-2552AF58D535}.Debug|Any CPU.ActiveCfg = Debug|Any CPU
		{B7617A39-1BD4-4459-9896-2552AF58D535}.Debug|Any CPU.Build.0 = Debug|Any CPU
		{B7617A39-1BD4-4459-9896-2552AF58D535}.Release|Any CPU.ActiveCfg = Release|Any CPU
		{B7617A39-1BD4-4459-9896-2552AF58D535}.Release|Any CPU.Build.0 = Release|Any CPU
	EndGlobalSection
	GlobalSection(SolutionProperties) = preSolution
		HideSolutionNode = FALSE
	EndGlobalSection
	GlobalSection(ExtensibilityGlobals) = postSolution
		SolutionGuid = {EBF21B25-C8BA-4ECD-82E6-B28F5F288FE5}
	EndGlobalSection
EndGlobal
