
Microsoft Visual Studio Solution File, Format Version 12.00
# Visual Studio Version 16
VisualStudioVersion = 16.0.29001.49
MinimumVisualStudioVersion = 10.0.40219.1
Project("{FAE04EC0-301F-11D3-BF4B-00C04F79EFBC}") = "Stoper", "Stoper\Stoper.csproj", "{9B9BDC1D-FEE2-45D3-A42E-B1A082E9A59F}"
EndProject
Global
	GlobalSection(SolutionConfigurationPlatforms) = preSolution
		Debug|Any CPU = Debug|Any CPU
		Release|Any CPU = Release|Any CPU
	EndGlobalSection
	GlobalSection(ProjectConfigurationPlatforms) = postSolution
		{9B9BDC1D-FEE2-45D3-A42E-B1A082E9A59F}.Debug|Any CPU.ActiveCfg = Debug|Any CPU
		{9B9BDC1D-FEE2-45D3-A42E-B1A082E9A59F}.Debug|Any CPU.Build.0 = Debug|Any CPU
		{9B9BDC1D-FEE2-45D3-A42E-B1A082E9A59F}.Release|Any CPU.ActiveCfg = Release|Any CPU
		{9B9BDC1D-FEE2-45D3-A42E-B1A082E9A59F}.Release|Any CPU.Build.0 = Release|Any CPU
	EndGlobalSection
	GlobalSection(SolutionProperties) = preSolution
		HideSolutionNode = FALSE
	EndGlobalSection
	GlobalSection(ExtensibilityGlobals) = postSolution
		SolutionGuid = {F2E436EA-9EA4-449B-80E9-2C762333BD3E}
	EndGlobalSection
EndGlobal
