
Microsoft Visual Studio Solution File, Format Version 12.00
# Visual Studio Version 16
VisualStudioVersion = 16.0.29001.49
MinimumVisualStudioVersion = 10.0.40219.1
Project("{FAE04EC0-301F-11D3-BF4B-00C04F79EFBC}") = "Kalkulator Walut  Zadanie domowe", "Kalkulator Walut  Zadanie domowe\Kalkulator Walut  Zadanie domowe.csproj", "{3C4974D0-0552-43C3-AA10-A412C2F93385}"
EndProject
Global
	GlobalSection(SolutionConfigurationPlatforms) = preSolution
		Debug|Any CPU = Debug|Any CPU
		Release|Any CPU = Release|Any CPU
	EndGlobalSection
	GlobalSection(ProjectConfigurationPlatforms) = postSolution
		{3C4974D0-0552-43C3-AA10-A412C2F93385}.Debug|Any CPU.ActiveCfg = Debug|Any CPU
		{3C4974D0-0552-43C3-AA10-A412C2F93385}.Debug|Any CPU.Build.0 = Debug|Any CPU
		{3C4974D0-0552-43C3-AA10-A412C2F93385}.Release|Any CPU.ActiveCfg = Release|Any CPU
		{3C4974D0-0552-43C3-AA10-A412C2F93385}.Release|Any CPU.Build.0 = Release|Any CPU
	EndGlobalSection
	GlobalSection(SolutionProperties) = preSolution
		HideSolutionNode = FALSE
	EndGlobalSection
	GlobalSection(ExtensibilityGlobals) = postSolution
		SolutionGuid = {C569D4BF-A73B-4AEC-9E47-D4F95C32DC21}
	EndGlobalSection
EndGlobal
