
Microsoft Visual Studio Solution File, Format Version 12.00
# Visual Studio Version 16
VisualStudioVersion = 16.0.29001.49
MinimumVisualStudioVersion = 10.0.40219.1
Project("{FAE04EC0-301F-11D3-BF4B-00C04F79EFBC}") = "Zadanie domowe tablica", "Zadanie domowe tablica\Zadanie domowe tablica.csproj", "{673B71D7-D076-464F-989D-804453E537C1}"
EndProject
Global
	GlobalSection(SolutionConfigurationPlatforms) = preSolution
		Debug|Any CPU = Debug|Any CPU
		Release|Any CPU = Release|Any CPU
	EndGlobalSection
	GlobalSection(ProjectConfigurationPlatforms) = postSolution
		{673B71D7-D076-464F-989D-804453E537C1}.Debug|Any CPU.ActiveCfg = Debug|Any CPU
		{673B71D7-D076-464F-989D-804453E537C1}.Debug|Any CPU.Build.0 = Debug|Any CPU
		{673B71D7-D076-464F-989D-804453E537C1}.Release|Any CPU.ActiveCfg = Release|Any CPU
		{673B71D7-D076-464F-989D-804453E537C1}.Release|Any CPU.Build.0 = Release|Any CPU
	EndGlobalSection
	GlobalSection(SolutionProperties) = preSolution
		HideSolutionNode = FALSE
	EndGlobalSection
	GlobalSection(ExtensibilityGlobals) = postSolution
		SolutionGuid = {A916704F-D663-4C4D-A088-2AC5DC25390F}
	EndGlobalSection
EndGlobal
