
Microsoft Visual Studio Solution File, Format Version 12.00
# Visual Studio Version 16
VisualStudioVersion = 16.0.28803.352
MinimumVisualStudioVersion = 10.0.40219.1
Project("{FAE04EC0-301F-11D3-BF4B-00C04F79EFBC}") = "Metoda 2", "Metoda 2\Metoda 2.csproj", "{05D956B9-1B29-4AE6-887E-25BA3F9D9E1D}"
EndProject
Global
	GlobalSection(SolutionConfigurationPlatforms) = preSolution
		Debug|Any CPU = Debug|Any CPU
		Release|Any CPU = Release|Any CPU
	EndGlobalSection
	GlobalSection(ProjectConfigurationPlatforms) = postSolution
		{05D956B9-1B29-4AE6-887E-25BA3F9D9E1D}.Debug|Any CPU.ActiveCfg = Debug|Any CPU
		{05D956B9-1B29-4AE6-887E-25BA3F9D9E1D}.Debug|Any CPU.Build.0 = Debug|Any CPU
		{05D956B9-1B29-4AE6-887E-25BA3F9D9E1D}.Release|Any CPU.ActiveCfg = Release|Any CPU
		{05D956B9-1B29-4AE6-887E-25BA3F9D9E1D}.Release|Any CPU.Build.0 = Release|Any CPU
	EndGlobalSection
	GlobalSection(SolutionProperties) = preSolution
		HideSolutionNode = FALSE
	EndGlobalSection
	GlobalSection(ExtensibilityGlobals) = postSolution
		SolutionGuid = {A482A485-3004-4DAC-B26F-E0D360278AC5}
	EndGlobalSection
EndGlobal
